
Microsoft Visual Studio Solution File, Format Version 12.00
# Visual Studio Version 17
VisualStudioVersion = 17.6.33723.286
MinimumVisualStudioVersion = 10.0.40219.1
Project("{FAE04EC0-301F-11D3-BF4B-00C04F79EFBC}") = "DemoMVC", "DemoMVC\DemoMVC.csproj", "{C921EE5B-4B30-4A1A-903D-FFF77806FAB6}"
EndProject
Project("{FAE04EC0-301F-11D3-BF4B-00C04F79EFBC}") = "App-MVC", "App-MVC\App-MVC.csproj", "{F16B85BE-D017-4AE9-9AEE-0E4713EA0754}"
EndProject
Project("{FAE04EC0-301F-11D3-BF4B-00C04F79EFBC}") = "App_Data_ClassLib", "App_Data_ClassLib\App_Data_ClassLib.csproj", "{ABAFC4BB-A638-4F00-85B3-FC8480FE0C0F}"
EndProject
Global
	GlobalSection(SolutionConfigurationPlatforms) = preSolution
		Debug|Any CPU = Debug|Any CPU
		Release|Any CPU = Release|Any CPU
	EndGlobalSection
	GlobalSection(ProjectConfigurationPlatforms) = postSolution
		{C921EE5B-4B30-4A1A-903D-FFF77806FAB6}.Debug|Any CPU.ActiveCfg = Debug|Any CPU
		{C921EE5B-4B30-4A1A-903D-FFF77806FAB6}.Debug|Any CPU.Build.0 = Debug|Any CPU
		{C921EE5B-4B30-4A1A-903D-FFF77806FAB6}.Release|Any CPU.ActiveCfg = Release|Any CPU
		{C921EE5B-4B30-4A1A-903D-FFF77806FAB6}.Release|Any CPU.Build.0 = Release|Any CPU
		{F16B85BE-D017-4AE9-9AEE-0E4713EA0754}.Debug|Any CPU.ActiveCfg = Debug|Any CPU
		{F16B85BE-D017-4AE9-9AEE-0E4713EA0754}.Debug|Any CPU.Build.0 = Debug|Any CPU
		{F16B85BE-D017-4AE9-9AEE-0E4713EA0754}.Release|Any CPU.ActiveCfg = Release|Any CPU
		{F16B85BE-D017-4AE9-9AEE-0E4713EA0754}.Release|Any CPU.Build.0 = Release|Any CPU
		{ABAFC4BB-A638-4F00-85B3-FC8480FE0C0F}.Debug|Any CPU.ActiveCfg = Debug|Any CPU
		{ABAFC4BB-A638-4F00-85B3-FC8480FE0C0F}.Debug|Any CPU.Build.0 = Debug|Any CPU
		{ABAFC4BB-A638-4F00-85B3-FC8480FE0C0F}.Release|Any CPU.ActiveCfg = Release|Any CPU
		{ABAFC4BB-A638-4F00-85B3-FC8480FE0C0F}.Release|Any CPU.Build.0 = Release|Any CPU
	EndGlobalSection
	GlobalSection(SolutionProperties) = preSolution
		HideSolutionNode = FALSE
	EndGlobalSection
	GlobalSection(ExtensibilityGlobals) = postSolution
		SolutionGuid = {90C3A645-6E71-4B92-89BC-E54680DFE99C}
	EndGlobalSection
EndGlobal
